
Microsoft Visual Studio Solution File, Format Version 12.00
# Visual Studio Version 17
VisualStudioVersion = 17.8.34408.163
MinimumVisualStudioVersion = 10.0.40219.1
Project("{9A19103F-16F7-4668-BE54-9A1E7A4F7556}") = "IMS.WebApp", "IMS.WebApp\IMS.WebApp.csproj", "{9DE55ADA-4FB5-47FA-A75C-53EE5FAD17CB}"
EndProject
Project("{9A19103F-16F7-4668-BE54-9A1E7A4F7556}") = "IMS.UseCases", "IMS.UseCases\IMS.UseCases.csproj", "{196E70F5-5DB8-4DE0-A194-1442A67C7CE1}"
EndProject
Project("{9A19103F-16F7-4668-BE54-9A1E7A4F7556}") = "IMS.CoreBussiness", "IMS.CoreBussiness\IMS.CoreBussiness.csproj", "{C5C508D7-371C-43BC-A41F-F4CD1B269B67}"
EndProject
Project("{2150E333-8FDC-42A3-9474-1A3956D46DE8}") = "IMS.Plugins", "IMS.Plugins", "{3EB12ED3-373F-4BA0-8E5A-5E35DC879052}"
EndProject
Project("{9A19103F-16F7-4668-BE54-9A1E7A4F7556}") = "IMS.Plugins.InMemory", "IMS.Plugins.InMemory\IMS.Plugins.InMemory.csproj", "{2A22F4B8-4FD5-4418-9A21-985C5DA679A4}"
EndProject
Global
	GlobalSection(SolutionConfigurationPlatforms) = preSolution
		Debug|Any CPU = Debug|Any CPU
		Release|Any CPU = Release|Any CPU
	EndGlobalSection
	GlobalSection(ProjectConfigurationPlatforms) = postSolution
		{9DE55ADA-4FB5-47FA-A75C-53EE5FAD17CB}.Debug|Any CPU.ActiveCfg = Debug|Any CPU
		{9DE55ADA-4FB5-47FA-A75C-53EE5FAD17CB}.Debug|Any CPU.Build.0 = Debug|Any CPU
		{9DE55ADA-4FB5-47FA-A75C-53EE5FAD17CB}.Release|Any CPU.ActiveCfg = Release|Any CPU
		{9DE55ADA-4FB5-47FA-A75C-53EE5FAD17CB}.Release|Any CPU.Build.0 = Release|Any CPU
		{196E70F5-5DB8-4DE0-A194-1442A67C7CE1}.Debug|Any CPU.ActiveCfg = Debug|Any CPU
		{196E70F5-5DB8-4DE0-A194-1442A67C7CE1}.Debug|Any CPU.Build.0 = Debug|Any CPU
		{196E70F5-5DB8-4DE0-A194-1442A67C7CE1}.Release|Any CPU.ActiveCfg = Release|Any CPU
		{196E70F5-5DB8-4DE0-A194-1442A67C7CE1}.Release|Any CPU.Build.0 = Release|Any CPU
		{C5C508D7-371C-43BC-A41F-F4CD1B269B67}.Debug|Any CPU.ActiveCfg = Debug|Any CPU
		{C5C508D7-371C-43BC-A41F-F4CD1B269B67}.Debug|Any CPU.Build.0 = Debug|Any CPU
		{C5C508D7-371C-43BC-A41F-F4CD1B269B67}.Release|Any CPU.ActiveCfg = Release|Any CPU
		{C5C508D7-371C-43BC-A41F-F4CD1B269B67}.Release|Any CPU.Build.0 = Release|Any CPU
		{2A22F4B8-4FD5-4418-9A21-985C5DA679A4}.Debug|Any CPU.ActiveCfg = Debug|Any CPU
		{2A22F4B8-4FD5-4418-9A21-985C5DA679A4}.Debug|Any CPU.Build.0 = Debug|Any CPU
		{2A22F4B8-4FD5-4418-9A21-985C5DA679A4}.Release|Any CPU.ActiveCfg = Release|Any CPU
		{2A22F4B8-4FD5-4418-9A21-985C5DA679A4}.Release|Any CPU.Build.0 = Release|Any CPU
	EndGlobalSection
	GlobalSection(SolutionProperties) = preSolution
		HideSolutionNode = FALSE
	EndGlobalSection
	GlobalSection(NestedProjects) = preSolution
		{2A22F4B8-4FD5-4418-9A21-985C5DA679A4} = {3EB12ED3-373F-4BA0-8E5A-5E35DC879052}
	EndGlobalSection
	GlobalSection(ExtensibilityGlobals) = postSolution
		SolutionGuid = {F1A31673-B7AD-4D7B-AB85-FEEDB6549659}
	EndGlobalSection
EndGlobal
